
Microsoft Visual Studio Solution File, Format Version 12.00
# Visual Studio Version 17
VisualStudioVersion = 17.0.31903.59
MinimumVisualStudioVersion = 10.0.40219.1
Project("{FAE04EC0-301F-11D3-BF4B-00C04F79EFBC}") = "Day1", "Day1\Day1.csproj", "{9D8F1FD9-6008-48CB-B7A2-AAB68B60DE3A}"
EndProject
Project("{FAE04EC0-301F-11D3-BF4B-00C04F79EFBC}") = "Day2", "Day2\Day2.csproj", "{2ED6B1B6-47EF-4CE5-A7B1-23707BD11274}"
EndProject
Project("{FAE04EC0-301F-11D3-BF4B-00C04F79EFBC}") = "Day3", "Day3\Day3.csproj", "{3B570A66-F638-4494-B053-0F9915D2596D}"
EndProject
Project("{FAE04EC0-301F-11D3-BF4B-00C04F79EFBC}") = "Day4", "Day4\Day4.csproj", "{B1AA995B-23D1-48A4-9E50-E9FF3F84987B}"
EndProject
Project("{FAE04EC0-301F-11D3-BF4B-00C04F79EFBC}") = "Day5", "Day5\Day5.csproj", "{1740B7A4-1535-420F-8A89-531CDE034AA6}"
EndProject
Project("{FAE04EC0-301F-11D3-BF4B-00C04F79EFBC}") = "Day6", "Day6\Day6.csproj", "{256A6926-6878-4178-9E0D-E8F86FDC2F0B}"
EndProject
Project("{FAE04EC0-301F-11D3-BF4B-00C04F79EFBC}") = "Day7", "Day7\Day7.csproj", "{339CFCB6-3A97-4DF2-8545-E34F524FB774}"
EndProject
Project("{FAE04EC0-301F-11D3-BF4B-00C04F79EFBC}") = "Day8", "Day8\Day8.csproj", "{0DF8402B-447E-42EE-A621-C327FCA0A3A7}"
EndProject
Project("{FAE04EC0-301F-11D3-BF4B-00C04F79EFBC}") = "Day9", "Day9\Day9.csproj", "{590868C3-E98A-46F1-A6E5-D07892678027}"
EndProject
Project("{FAE04EC0-301F-11D3-BF4B-00C04F79EFBC}") = "Day10", "Day10\Day10.csproj", "{D6D97E47-9762-4DC4-A06C-D7343C90556B}"
EndProject
Global
	GlobalSection(SolutionConfigurationPlatforms) = preSolution
		Debug|Any CPU = Debug|Any CPU
		Release|Any CPU = Release|Any CPU
	EndGlobalSection
	GlobalSection(SolutionProperties) = preSolution
		HideSolutionNode = FALSE
	EndGlobalSection
	GlobalSection(ProjectConfigurationPlatforms) = postSolution
		{9D8F1FD9-6008-48CB-B7A2-AAB68B60DE3A}.Debug|Any CPU.ActiveCfg = Debug|Any CPU
		{9D8F1FD9-6008-48CB-B7A2-AAB68B60DE3A}.Debug|Any CPU.Build.0 = Debug|Any CPU
		{9D8F1FD9-6008-48CB-B7A2-AAB68B60DE3A}.Release|Any CPU.ActiveCfg = Release|Any CPU
		{9D8F1FD9-6008-48CB-B7A2-AAB68B60DE3A}.Release|Any CPU.Build.0 = Release|Any CPU
		{2ED6B1B6-47EF-4CE5-A7B1-23707BD11274}.Debug|Any CPU.ActiveCfg = Debug|Any CPU
		{2ED6B1B6-47EF-4CE5-A7B1-23707BD11274}.Debug|Any CPU.Build.0 = Debug|Any CPU
		{2ED6B1B6-47EF-4CE5-A7B1-23707BD11274}.Release|Any CPU.ActiveCfg = Release|Any CPU
		{2ED6B1B6-47EF-4CE5-A7B1-23707BD11274}.Release|Any CPU.Build.0 = Release|Any CPU
		{3B570A66-F638-4494-B053-0F9915D2596D}.Debug|Any CPU.ActiveCfg = Debug|Any CPU
		{3B570A66-F638-4494-B053-0F9915D2596D}.Debug|Any CPU.Build.0 = Debug|Any CPU
		{3B570A66-F638-4494-B053-0F9915D2596D}.Release|Any CPU.ActiveCfg = Release|Any CPU
		{3B570A66-F638-4494-B053-0F9915D2596D}.Release|Any CPU.Build.0 = Release|Any CPU
		{B1AA995B-23D1-48A4-9E50-E9FF3F84987B}.Debug|Any CPU.ActiveCfg = Debug|Any CPU
		{B1AA995B-23D1-48A4-9E50-E9FF3F84987B}.Debug|Any CPU.Build.0 = Debug|Any CPU
		{B1AA995B-23D1-48A4-9E50-E9FF3F84987B}.Release|Any CPU.ActiveCfg = Release|Any CPU
		{B1AA995B-23D1-48A4-9E50-E9FF3F84987B}.Release|Any CPU.Build.0 = Release|Any CPU
		{1740B7A4-1535-420F-8A89-531CDE034AA6}.Debug|Any CPU.ActiveCfg = Debug|Any CPU
		{1740B7A4-1535-420F-8A89-531CDE034AA6}.Debug|Any CPU.Build.0 = Debug|Any CPU
		{1740B7A4-1535-420F-8A89-531CDE034AA6}.Release|Any CPU.ActiveCfg = Release|Any CPU
		{1740B7A4-1535-420F-8A89-531CDE034AA6}.Release|Any CPU.Build.0 = Release|Any CPU
		{256A6926-6878-4178-9E0D-E8F86FDC2F0B}.Debug|Any CPU.ActiveCfg = Debug|Any CPU
		{256A6926-6878-4178-9E0D-E8F86FDC2F0B}.Debug|Any CPU.Build.0 = Debug|Any CPU
		{256A6926-6878-4178-9E0D-E8F86FDC2F0B}.Release|Any CPU.ActiveCfg = Release|Any CPU
		{256A6926-6878-4178-9E0D-E8F86FDC2F0B}.Release|Any CPU.Build.0 = Release|Any CPU
		{339CFCB6-3A97-4DF2-8545-E34F524FB774}.Debug|Any CPU.ActiveCfg = Debug|Any CPU
		{339CFCB6-3A97-4DF2-8545-E34F524FB774}.Debug|Any CPU.Build.0 = Debug|Any CPU
		{339CFCB6-3A97-4DF2-8545-E34F524FB774}.Release|Any CPU.ActiveCfg = Release|Any CPU
		{339CFCB6-3A97-4DF2-8545-E34F524FB774}.Release|Any CPU.Build.0 = Release|Any CPU
		{0DF8402B-447E-42EE-A621-C327FCA0A3A7}.Debug|Any CPU.ActiveCfg = Debug|Any CPU
		{0DF8402B-447E-42EE-A621-C327FCA0A3A7}.Debug|Any CPU.Build.0 = Debug|Any CPU
		{0DF8402B-447E-42EE-A621-C327FCA0A3A7}.Release|Any CPU.ActiveCfg = Release|Any CPU
		{0DF8402B-447E-42EE-A621-C327FCA0A3A7}.Release|Any CPU.Build.0 = Release|Any CPU
		{590868C3-E98A-46F1-A6E5-D07892678027}.Debug|Any CPU.ActiveCfg = Debug|Any CPU
		{590868C3-E98A-46F1-A6E5-D07892678027}.Debug|Any CPU.Build.0 = Debug|Any CPU
		{590868C3-E98A-46F1-A6E5-D07892678027}.Release|Any CPU.ActiveCfg = Release|Any CPU
		{590868C3-E98A-46F1-A6E5-D07892678027}.Release|Any CPU.Build.0 = Release|Any CPU
		{D6D97E47-9762-4DC4-A06C-D7343C90556B}.Debug|Any CPU.ActiveCfg = Debug|Any CPU
		{D6D97E47-9762-4DC4-A06C-D7343C90556B}.Debug|Any CPU.Build.0 = Debug|Any CPU
		{D6D97E47-9762-4DC4-A06C-D7343C90556B}.Release|Any CPU.ActiveCfg = Release|Any CPU
		{D6D97E47-9762-4DC4-A06C-D7343C90556B}.Release|Any CPU.Build.0 = Release|Any CPU
	EndGlobalSection
EndGlobal
