
Microsoft Visual Studio Solution File, Format Version 12.00
# Visual Studio Version 17
VisualStudioVersion = 17.0.31903.59
MinimumVisualStudioVersion = 10.0.40219.1
Project("{FAE04EC0-301F-11D3-BF4B-00C04F79EFBC}") = "Day1", "Day1\Day1.csproj", "{9D8F1FD9-6008-48CB-B7A2-AAB68B60DE3A}"
EndProject
Project("{FAE04EC0-301F-11D3-BF4B-00C04F79EFBC}") = "Day2", "Day2\Day2.csproj", "{2ED6B1B6-47EF-4CE5-A7B1-23707BD11274}"
EndProject
Project("{FAE04EC0-301F-11D3-BF4B-00C04F79EFBC}") = "Day3", "Day3\Day3.csproj", "{3B570A66-F638-4494-B053-0F9915D2596D}"
EndProject
Project("{FAE04EC0-301F-11D3-BF4B-00C04F79EFBC}") = "Day4", "Day4\Day4.csproj", "{B1AA995B-23D1-48A4-9E50-E9FF3F84987B}"
EndProject
Project("{FAE04EC0-301F-11D3-BF4B-00C04F79EFBC}") = "Day5", "Day5\Day5.csproj", "{1740B7A4-1535-420F-8A89-531CDE034AA6}"
EndProject
Project("{FAE04EC0-301F-11D3-BF4B-00C04F79EFBC}") = "Day6", "Day6\Day6.csproj", "{256A6926-6878-4178-9E0D-E8F86FDC2F0B}"
EndProject
Project("{FAE04EC0-301F-11D3-BF4B-00C04F79EFBC}") = "Day7", "Day7\Day7.csproj", "{339CFCB6-3A97-4DF2-8545-E34F524FB774}"
EndProject
Project("{FAE04EC0-301F-11D3-BF4B-00C04F79EFBC}") = "Day8", "Day8\Day8.csproj", "{0DF8402B-447E-42EE-A621-C327FCA0A3A7}"
EndProject
Project("{FAE04EC0-301F-11D3-BF4B-00C04F79EFBC}") = "Day9", "Day9\Day9.csproj", "{590868C3-E98A-46F1-A6E5-D07892678027}"
EndProject
Project("{FAE04EC0-301F-11D3-BF4B-00C04F79EFBC}") = "Day10", "Day10\Day10.csproj", "{D6D97E47-9762-4DC4-A06C-D7343C90556B}"
EndProject
Project("{FAE04EC0-301F-11D3-BF4B-00C04F79EFBC}") = "Day11", "Day11\Day11.csproj", "{E7F8471F-2291-43C2-AE73-C5DA8E00885F}"
EndProject
Project("{FAE04EC0-301F-11D3-BF4B-00C04F79EFBC}") = "Day12", "Day12\Day12.csproj", "{8A332D0A-74F6-493A-8891-BD1DCE3ED241}"
EndProject
Project("{FAE04EC0-301F-11D3-BF4B-00C04F79EFBC}") = "Day13", "Day13\Day13.csproj", "{6BC8FF55-2D8C-4D0F-8A51-C25C61CCFC6B}"
EndProject
Project("{FAE04EC0-301F-11D3-BF4B-00C04F79EFBC}") = "Day14", "Day14\Day14.csproj", "{738EDE98-CA12-4F77-9B8F-B1F988406F0E}"
EndProject
Project("{FAE04EC0-301F-11D3-BF4B-00C04F79EFBC}") = "Day15", "Day15\Day15.csproj", "{4A2B9547-F06C-40BA-95B9-F232460D239A}"
EndProject
Project("{FAE04EC0-301F-11D3-BF4B-00C04F79EFBC}") = "Day16", "Day16\Day16.csproj", "{154312D6-6D9F-44FD-A4D0-356D6E65076A}"
EndProject
Project("{FAE04EC0-301F-11D3-BF4B-00C04F79EFBC}") = "Day17", "Day17\Day17.csproj", "{67EED4E5-32DD-46BF-8270-D9DF09CA453A}"
EndProject
Project("{FAE04EC0-301F-11D3-BF4B-00C04F79EFBC}") = "AdventUtilities", "AdventUtilities\AdventUtilities.csproj", "{261D50DC-D50E-4F42-97A9-8E8D772C134A}"
EndProject
Project("{FAE04EC0-301F-11D3-BF4B-00C04F79EFBC}") = "Day18", "Day18\Day18.csproj", "{20C45DF5-40A9-4FF4-A323-0828B561A177}"
EndProject
Project("{FAE04EC0-301F-11D3-BF4B-00C04F79EFBC}") = "Day19", "Day19\Day19.csproj", "{B0D17ACD-7BCB-469D-B929-AEB8EC2BC5E5}"
EndProject
Project("{FAE04EC0-301F-11D3-BF4B-00C04F79EFBC}") = "Day20", "Day20\Day20.csproj", "{23897EA2-DE3E-4448-8C7A-209307FFFB65}"
EndProject
Project("{FAE04EC0-301F-11D3-BF4B-00C04F79EFBC}") = "Day21", "Day21\Day21.csproj", "{035BA4D4-CB13-44DB-BB7E-D643A034D1A7}"
EndProject
Global
	GlobalSection(SolutionConfigurationPlatforms) = preSolution
		Debug|Any CPU = Debug|Any CPU
		Release|Any CPU = Release|Any CPU
	EndGlobalSection
	GlobalSection(SolutionProperties) = preSolution
		HideSolutionNode = FALSE
	EndGlobalSection
	GlobalSection(ProjectConfigurationPlatforms) = postSolution
		{9D8F1FD9-6008-48CB-B7A2-AAB68B60DE3A}.Debug|Any CPU.ActiveCfg = Debug|Any CPU
		{9D8F1FD9-6008-48CB-B7A2-AAB68B60DE3A}.Debug|Any CPU.Build.0 = Debug|Any CPU
		{9D8F1FD9-6008-48CB-B7A2-AAB68B60DE3A}.Release|Any CPU.ActiveCfg = Release|Any CPU
		{9D8F1FD9-6008-48CB-B7A2-AAB68B60DE3A}.Release|Any CPU.Build.0 = Release|Any CPU
		{2ED6B1B6-47EF-4CE5-A7B1-23707BD11274}.Debug|Any CPU.ActiveCfg = Debug|Any CPU
		{2ED6B1B6-47EF-4CE5-A7B1-23707BD11274}.Debug|Any CPU.Build.0 = Debug|Any CPU
		{2ED6B1B6-47EF-4CE5-A7B1-23707BD11274}.Release|Any CPU.ActiveCfg = Release|Any CPU
		{2ED6B1B6-47EF-4CE5-A7B1-23707BD11274}.Release|Any CPU.Build.0 = Release|Any CPU
		{3B570A66-F638-4494-B053-0F9915D2596D}.Debug|Any CPU.ActiveCfg = Debug|Any CPU
		{3B570A66-F638-4494-B053-0F9915D2596D}.Debug|Any CPU.Build.0 = Debug|Any CPU
		{3B570A66-F638-4494-B053-0F9915D2596D}.Release|Any CPU.ActiveCfg = Release|Any CPU
		{3B570A66-F638-4494-B053-0F9915D2596D}.Release|Any CPU.Build.0 = Release|Any CPU
		{B1AA995B-23D1-48A4-9E50-E9FF3F84987B}.Debug|Any CPU.ActiveCfg = Debug|Any CPU
		{B1AA995B-23D1-48A4-9E50-E9FF3F84987B}.Debug|Any CPU.Build.0 = Debug|Any CPU
		{B1AA995B-23D1-48A4-9E50-E9FF3F84987B}.Release|Any CPU.ActiveCfg = Release|Any CPU
		{B1AA995B-23D1-48A4-9E50-E9FF3F84987B}.Release|Any CPU.Build.0 = Release|Any CPU
		{1740B7A4-1535-420F-8A89-531CDE034AA6}.Debug|Any CPU.ActiveCfg = Debug|Any CPU
		{1740B7A4-1535-420F-8A89-531CDE034AA6}.Debug|Any CPU.Build.0 = Debug|Any CPU
		{1740B7A4-1535-420F-8A89-531CDE034AA6}.Release|Any CPU.ActiveCfg = Release|Any CPU
		{1740B7A4-1535-420F-8A89-531CDE034AA6}.Release|Any CPU.Build.0 = Release|Any CPU
		{256A6926-6878-4178-9E0D-E8F86FDC2F0B}.Debug|Any CPU.ActiveCfg = Debug|Any CPU
		{256A6926-6878-4178-9E0D-E8F86FDC2F0B}.Debug|Any CPU.Build.0 = Debug|Any CPU
		{256A6926-6878-4178-9E0D-E8F86FDC2F0B}.Release|Any CPU.ActiveCfg = Release|Any CPU
		{256A6926-6878-4178-9E0D-E8F86FDC2F0B}.Release|Any CPU.Build.0 = Release|Any CPU
		{339CFCB6-3A97-4DF2-8545-E34F524FB774}.Debug|Any CPU.ActiveCfg = Debug|Any CPU
		{339CFCB6-3A97-4DF2-8545-E34F524FB774}.Debug|Any CPU.Build.0 = Debug|Any CPU
		{339CFCB6-3A97-4DF2-8545-E34F524FB774}.Release|Any CPU.ActiveCfg = Release|Any CPU
		{339CFCB6-3A97-4DF2-8545-E34F524FB774}.Release|Any CPU.Build.0 = Release|Any CPU
		{0DF8402B-447E-42EE-A621-C327FCA0A3A7}.Debug|Any CPU.ActiveCfg = Debug|Any CPU
		{0DF8402B-447E-42EE-A621-C327FCA0A3A7}.Debug|Any CPU.Build.0 = Debug|Any CPU
		{0DF8402B-447E-42EE-A621-C327FCA0A3A7}.Release|Any CPU.ActiveCfg = Release|Any CPU
		{0DF8402B-447E-42EE-A621-C327FCA0A3A7}.Release|Any CPU.Build.0 = Release|Any CPU
		{590868C3-E98A-46F1-A6E5-D07892678027}.Debug|Any CPU.ActiveCfg = Debug|Any CPU
		{590868C3-E98A-46F1-A6E5-D07892678027}.Debug|Any CPU.Build.0 = Debug|Any CPU
		{590868C3-E98A-46F1-A6E5-D07892678027}.Release|Any CPU.ActiveCfg = Release|Any CPU
		{590868C3-E98A-46F1-A6E5-D07892678027}.Release|Any CPU.Build.0 = Release|Any CPU
		{D6D97E47-9762-4DC4-A06C-D7343C90556B}.Debug|Any CPU.ActiveCfg = Debug|Any CPU
		{D6D97E47-9762-4DC4-A06C-D7343C90556B}.Debug|Any CPU.Build.0 = Debug|Any CPU
		{D6D97E47-9762-4DC4-A06C-D7343C90556B}.Release|Any CPU.ActiveCfg = Release|Any CPU
		{D6D97E47-9762-4DC4-A06C-D7343C90556B}.Release|Any CPU.Build.0 = Release|Any CPU
		{E7F8471F-2291-43C2-AE73-C5DA8E00885F}.Debug|Any CPU.ActiveCfg = Debug|Any CPU
		{E7F8471F-2291-43C2-AE73-C5DA8E00885F}.Debug|Any CPU.Build.0 = Debug|Any CPU
		{E7F8471F-2291-43C2-AE73-C5DA8E00885F}.Release|Any CPU.ActiveCfg = Release|Any CPU
		{E7F8471F-2291-43C2-AE73-C5DA8E00885F}.Release|Any CPU.Build.0 = Release|Any CPU
		{8A332D0A-74F6-493A-8891-BD1DCE3ED241}.Debug|Any CPU.ActiveCfg = Debug|Any CPU
		{8A332D0A-74F6-493A-8891-BD1DCE3ED241}.Debug|Any CPU.Build.0 = Debug|Any CPU
		{8A332D0A-74F6-493A-8891-BD1DCE3ED241}.Release|Any CPU.ActiveCfg = Release|Any CPU
		{8A332D0A-74F6-493A-8891-BD1DCE3ED241}.Release|Any CPU.Build.0 = Release|Any CPU
		{6BC8FF55-2D8C-4D0F-8A51-C25C61CCFC6B}.Debug|Any CPU.ActiveCfg = Debug|Any CPU
		{6BC8FF55-2D8C-4D0F-8A51-C25C61CCFC6B}.Debug|Any CPU.Build.0 = Debug|Any CPU
		{6BC8FF55-2D8C-4D0F-8A51-C25C61CCFC6B}.Release|Any CPU.ActiveCfg = Release|Any CPU
		{6BC8FF55-2D8C-4D0F-8A51-C25C61CCFC6B}.Release|Any CPU.Build.0 = Release|Any CPU
		{738EDE98-CA12-4F77-9B8F-B1F988406F0E}.Debug|Any CPU.ActiveCfg = Debug|Any CPU
		{738EDE98-CA12-4F77-9B8F-B1F988406F0E}.Debug|Any CPU.Build.0 = Debug|Any CPU
		{738EDE98-CA12-4F77-9B8F-B1F988406F0E}.Release|Any CPU.ActiveCfg = Release|Any CPU
		{738EDE98-CA12-4F77-9B8F-B1F988406F0E}.Release|Any CPU.Build.0 = Release|Any CPU
		{4A2B9547-F06C-40BA-95B9-F232460D239A}.Debug|Any CPU.ActiveCfg = Debug|Any CPU
		{4A2B9547-F06C-40BA-95B9-F232460D239A}.Debug|Any CPU.Build.0 = Debug|Any CPU
		{4A2B9547-F06C-40BA-95B9-F232460D239A}.Release|Any CPU.ActiveCfg = Release|Any CPU
		{4A2B9547-F06C-40BA-95B9-F232460D239A}.Release|Any CPU.Build.0 = Release|Any CPU
		{154312D6-6D9F-44FD-A4D0-356D6E65076A}.Debug|Any CPU.ActiveCfg = Debug|Any CPU
		{154312D6-6D9F-44FD-A4D0-356D6E65076A}.Debug|Any CPU.Build.0 = Debug|Any CPU
		{154312D6-6D9F-44FD-A4D0-356D6E65076A}.Release|Any CPU.ActiveCfg = Release|Any CPU
		{154312D6-6D9F-44FD-A4D0-356D6E65076A}.Release|Any CPU.Build.0 = Release|Any CPU
		{67EED4E5-32DD-46BF-8270-D9DF09CA453A}.Debug|Any CPU.ActiveCfg = Debug|Any CPU
		{67EED4E5-32DD-46BF-8270-D9DF09CA453A}.Debug|Any CPU.Build.0 = Debug|Any CPU
		{67EED4E5-32DD-46BF-8270-D9DF09CA453A}.Release|Any CPU.ActiveCfg = Release|Any CPU
		{67EED4E5-32DD-46BF-8270-D9DF09CA453A}.Release|Any CPU.Build.0 = Release|Any CPU
		{261D50DC-D50E-4F42-97A9-8E8D772C134A}.Debug|Any CPU.ActiveCfg = Debug|Any CPU
		{261D50DC-D50E-4F42-97A9-8E8D772C134A}.Debug|Any CPU.Build.0 = Debug|Any CPU
		{261D50DC-D50E-4F42-97A9-8E8D772C134A}.Release|Any CPU.ActiveCfg = Release|Any CPU
		{261D50DC-D50E-4F42-97A9-8E8D772C134A}.Release|Any CPU.Build.0 = Release|Any CPU
		{20C45DF5-40A9-4FF4-A323-0828B561A177}.Debug|Any CPU.ActiveCfg = Debug|Any CPU
		{20C45DF5-40A9-4FF4-A323-0828B561A177}.Debug|Any CPU.Build.0 = Debug|Any CPU
		{20C45DF5-40A9-4FF4-A323-0828B561A177}.Release|Any CPU.ActiveCfg = Release|Any CPU
		{20C45DF5-40A9-4FF4-A323-0828B561A177}.Release|Any CPU.Build.0 = Release|Any CPU
		{B0D17ACD-7BCB-469D-B929-AEB8EC2BC5E5}.Debug|Any CPU.ActiveCfg = Debug|Any CPU
		{B0D17ACD-7BCB-469D-B929-AEB8EC2BC5E5}.Debug|Any CPU.Build.0 = Debug|Any CPU
		{B0D17ACD-7BCB-469D-B929-AEB8EC2BC5E5}.Release|Any CPU.ActiveCfg = Release|Any CPU
		{B0D17ACD-7BCB-469D-B929-AEB8EC2BC5E5}.Release|Any CPU.Build.0 = Release|Any CPU
		{23897EA2-DE3E-4448-8C7A-209307FFFB65}.Debug|Any CPU.ActiveCfg = Debug|Any CPU
		{23897EA2-DE3E-4448-8C7A-209307FFFB65}.Debug|Any CPU.Build.0 = Debug|Any CPU
		{23897EA2-DE3E-4448-8C7A-209307FFFB65}.Release|Any CPU.ActiveCfg = Release|Any CPU
		{23897EA2-DE3E-4448-8C7A-209307FFFB65}.Release|Any CPU.Build.0 = Release|Any CPU
		{035BA4D4-CB13-44DB-BB7E-D643A034D1A7}.Debug|Any CPU.ActiveCfg = Debug|Any CPU
		{035BA4D4-CB13-44DB-BB7E-D643A034D1A7}.Debug|Any CPU.Build.0 = Debug|Any CPU
		{035BA4D4-CB13-44DB-BB7E-D643A034D1A7}.Release|Any CPU.ActiveCfg = Release|Any CPU
		{035BA4D4-CB13-44DB-BB7E-D643A034D1A7}.Release|Any CPU.Build.0 = Release|Any CPU
	EndGlobalSection
EndGlobal
